// !$*UTF8*$!
{
	archiveVersion = 1;
	classes = {
	};
	objectVersion = 55;
	objects = {

/* Begin PBXBuildFile section */
		E99EF7CB27E307320084497F /* WordleAssesmentApp.swift in Sources */ = {isa = PBXBuildFile; fileRef = E99EF7CA27E307320084497F /* WordleAssesmentApp.swift */; };
		E99EF7CD27E307320084497F /* ContentView.swift in Sources */ = {isa = PBXBuildFile; fileRef = E99EF7CC27E307320084497F /* ContentView.swift */; };
		E99EF7CF27E307370084497F /* Assets.xcassets in Resources */ = {isa = PBXBuildFile; fileRef = E99EF7CE27E307370084497F /* Assets.xcassets */; };
		E99EF7D227E307370084497F /* Preview Assets.xcassets in Resources */ = {isa = PBXBuildFile; fileRef = E99EF7D127E307370084497F /* Preview Assets.xcassets */; };
		E99EF7DC27E307380084497F /* WordleAssesmentTests.swift in Sources */ = {isa = PBXBuildFile; fileRef = E99EF7DB27E307380084497F /* WordleAssesmentTests.swift */; };
		E99EF7E627E307380084497F /* WordleAssesmentUITests.swift in Sources */ = {isa = PBXBuildFile; fileRef = E99EF7E527E307380084497F /* WordleAssesmentUITests.swift */; };
		E99EF7E827E307380084497F /* WordleAssesmentUITestsLaunchTests.swift in Sources */ = {isa = PBXBuildFile; fileRef = E99EF7E727E307380084497F /* WordleAssesmentUITestsLaunchTests.swift */; };
		E99EF7F527E30B590084497F /* WordleViewModel.swift in Sources */ = {isa = PBXBuildFile; fileRef = E99EF7F427E30B590084497F /* WordleViewModel.swift */; };
		E99EF7F827E30CAF0084497F /* Color.swift in Sources */ = {isa = PBXBuildFile; fileRef = E99EF7F727E30CAF0084497F /* Color.swift */; };
		E99EF7FF27E30F640084497F /* Words.swift in Sources */ = {isa = PBXBuildFile; fileRef = E99EF7FE27E30F640084497F /* Words.swift */; };
		E99EF80127E311FB0084497F /* SquareBoxView.swift in Sources */ = {isa = PBXBuildFile; fileRef = E99EF80027E311FB0084497F /* SquareBoxView.swift */; };
		E99EF80527E318310084497F /* GridView.swift in Sources */ = {isa = PBXBuildFile; fileRef = E99EF80427E318310084497F /* GridView.swift */; };
/* End PBXBuildFile section */

/* Begin PBXContainerItemProxy section */
		E99EF7D827E307380084497F /* PBXContainerItemProxy */ = {
			isa = PBXContainerItemProxy;
			containerPortal = E99EF7BF27E307320084497F /* Project object */;
			proxyType = 1;
			remoteGlobalIDString = E99EF7C627E307320084497F;
			remoteInfo = WordleAssesment;
		};
		E99EF7E227E307380084497F /* PBXContainerItemProxy */ = {
			isa = PBXContainerItemProxy;
			containerPortal = E99EF7BF27E307320084497F /* Project object */;
			proxyType = 1;
			remoteGlobalIDString = E99EF7C627E307320084497F;
			remoteInfo = WordleAssesment;
		};
/* End PBXContainerItemProxy section */

/* Begin PBXFileReference section */
		E99EF7C727E307320084497F /* WordleAssesment.app */ = {isa = PBXFileReference; explicitFileType = wrapper.application; includeInIndex = 0; path = WordleAssesment.app; sourceTree = BUILT_PRODUCTS_DIR; };
		E99EF7CA27E307320084497F /* WordleAssesmentApp.swift */ = {isa = PBXFileReference; lastKnownFileType = sourcecode.swift; path = WordleAssesmentApp.swift; sourceTree = "<group>"; };
		E99EF7CC27E307320084497F /* ContentView.swift */ = {isa = PBXFileReference; lastKnownFileType = sourcecode.swift; path = ContentView.swift; sourceTree = "<group>"; };
		E99EF7CE27E307370084497F /* Assets.xcassets */ = {isa = PBXFileReference; lastKnownFileType = folder.assetcatalog; path = Assets.xcassets; sourceTree = "<group>"; };
		E99EF7D127E307370084497F /* Preview Assets.xcassets */ = {isa = PBXFileReference; lastKnownFileType = folder.assetcatalog; path = "Preview Assets.xcassets"; sourceTree = "<group>"; };
		E99EF7D727E307380084497F /* WordleAssesmentTests.xctest */ = {isa = PBXFileReference; explicitFileType = wrapper.cfbundle; includeInIndex = 0; path = WordleAssesmentTests.xctest; sourceTree = BUILT_PRODUCTS_DIR; };
		E99EF7DB27E307380084497F /* WordleAssesmentTests.swift */ = {isa = PBXFileReference; lastKnownFileType = sourcecode.swift; path = WordleAssesmentTests.swift; sourceTree = "<group>"; };
		E99EF7E127E307380084497F /* WordleAssesmentUITests.xctest */ = {isa = PBXFileReference; explicitFileType = wrapper.cfbundle; includeInIndex = 0; path = WordleAssesmentUITests.xctest; sourceTree = BUILT_PRODUCTS_DIR; };
		E99EF7E527E307380084497F /* WordleAssesmentUITests.swift */ = {isa = PBXFileReference; lastKnownFileType = sourcecode.swift; path = WordleAssesmentUITests.swift; sourceTree = "<group>"; };
		E99EF7E727E307380084497F /* WordleAssesmentUITestsLaunchTests.swift */ = {isa = PBXFileReference; lastKnownFileType = sourcecode.swift; path = WordleAssesmentUITestsLaunchTests.swift; sourceTree = "<group>"; };
		E99EF7F427E30B590084497F /* WordleViewModel.swift */ = {isa = PBXFileReference; lastKnownFileType = sourcecode.swift; path = WordleViewModel.swift; sourceTree = "<group>"; };
		E99EF7F727E30CAF0084497F /* Color.swift */ = {isa = PBXFileReference; lastKnownFileType = sourcecode.swift; path = Color.swift; sourceTree = "<group>"; };
		E99EF7FE27E30F640084497F /* Words.swift */ = {isa = PBXFileReference; lastKnownFileType = sourcecode.swift; path = Words.swift; sourceTree = "<group>"; };
		E99EF80027E311FB0084497F /* SquareBoxView.swift */ = {isa = PBXFileReference; lastKnownFileType = sourcecode.swift; path = SquareBoxView.swift; sourceTree = "<group>"; };
		E99EF80427E318310084497F /* GridView.swift */ = {isa = PBXFileReference; lastKnownFileType = sourcecode.swift; path = GridView.swift; sourceTree = "<group>"; };
/* End PBXFileReference section */

/* Begin PBXFrameworksBuildPhase section */
		E99EF7C427E307320084497F /* Frameworks */ = {
			isa = PBXFrameworksBuildPhase;
			buildActionMask = 2147483647;
			files = (
			);
			runOnlyForDeploymentPostprocessing = 0;
		};
		E99EF7D427E307380084497F /* Frameworks */ = {
			isa = PBXFrameworksBuildPhase;
			buildActionMask = 2147483647;
			files = (
			);
			runOnlyForDeploymentPostprocessing = 0;
		};
		E99EF7DE27E307380084497F /* Frameworks */ = {
			isa = PBXFrameworksBuildPhase;
			buildActionMask = 2147483647;
			files = (
			);
			runOnlyForDeploymentPostprocessing = 0;
		};
/* End PBXFrameworksBuildPhase section */

/* Begin PBXGroup section */
		E99EF7BE27E307320084497F = {
			isa = PBXGroup;
			children = (
				E99EF7C927E307320084497F /* WordleAssesment */,
				E99EF7DA27E307380084497F /* WordleAssesmentTests */,
				E99EF7E427E307380084497F /* WordleAssesmentUITests */,
				E99EF7C827E307320084497F /* Products */,
			);
			sourceTree = "<group>";
		};
		E99EF7C827E307320084497F /* Products */ = {
			isa = PBXGroup;
			children = (
				E99EF7C727E307320084497F /* WordleAssesment.app */,
				E99EF7D727E307380084497F /* WordleAssesmentTests.xctest */,
				E99EF7E127E307380084497F /* WordleAssesmentUITests.xctest */,
			);
			name = Products;
			sourceTree = "<group>";
		};
		E99EF7C927E307320084497F /* WordleAssesment */ = {
			isa = PBXGroup;
			children = (
				E99EF7FC27E30EE70084497F /* Appdelegate */,
				E99EF7F927E30EC20084497F /* Model */,
				E99EF7FB27E30ECF0084497F /* View */,
				E99EF7FA27E30EC90084497F /* ViewModel */,
				E99EF7F627E30CA40084497F /* Exentions */,
				E99EF7FD27E30F080084497F /* Assets */,
				E99EF7D027E307370084497F /* Preview Content */,
			);
			path = WordleAssesment;
			sourceTree = "<group>";
		};
		E99EF7D027E307370084497F /* Preview Content */ = {
			isa = PBXGroup;
			children = (
				E99EF7D127E307370084497F /* Preview Assets.xcassets */,
			);
			path = "Preview Content";
			sourceTree = "<group>";
		};
		E99EF7DA27E307380084497F /* WordleAssesmentTests */ = {
			isa = PBXGroup;
			children = (
				E99EF7DB27E307380084497F /* WordleAssesmentTests.swift */,
			);
			path = WordleAssesmentTests;
			sourceTree = "<group>";
		};
		E99EF7E427E307380084497F /* WordleAssesmentUITests */ = {
			isa = PBXGroup;
			children = (
				E99EF7E527E307380084497F /* WordleAssesmentUITests.swift */,
				E99EF7E727E307380084497F /* WordleAssesmentUITestsLaunchTests.swift */,
			);
			path = WordleAssesmentUITests;
			sourceTree = "<group>";
		};
		E99EF7F627E30CA40084497F /* Exentions */ = {
			isa = PBXGroup;
			children = (
				E99EF7F727E30CAF0084497F /* Color.swift */,
			);
			path = Exentions;
			sourceTree = "<group>";
		};
		E99EF7F927E30EC20084497F /* Model */ = {
			isa = PBXGroup;
			children = (
				E99EF7FE27E30F640084497F /* Words.swift */,
			);
			path = Model;
			sourceTree = "<group>";
		};
		E99EF7FA27E30EC90084497F /* ViewModel */ = {
			isa = PBXGroup;
			children = (
				E99EF7F427E30B590084497F /* WordleViewModel.swift */,
			);
			path = ViewModel;
			sourceTree = "<group>";
		};
		E99EF7FB27E30ECF0084497F /* View */ = {
			isa = PBXGroup;
			children = (
				E99EF7CC27E307320084497F /* ContentView.swift */,
				E99EF80027E311FB0084497F /* SquareBoxView.swift */,
				E99EF80427E318310084497F /* GridView.swift */,
			);
			path = View;
			sourceTree = "<group>";
		};
		E99EF7FC27E30EE70084497F /* Appdelegate */ = {
			isa = PBXGroup;
			children = (
				E99EF7CA27E307320084497F /* WordleAssesmentApp.swift */,
			);
			path = Appdelegate;
			sourceTree = "<group>";
		};
		E99EF7FD27E30F080084497F /* Assets */ = {
			isa = PBXGroup;
			children = (
				E99EF7CE27E307370084497F /* Assets.xcassets */,
			);
			path = Assets;
			sourceTree = "<group>";
		};
/* End PBXGroup section */

/* Begin PBXNativeTarget section */
		E99EF7C627E307320084497F /* WordleAssesment */ = {
			isa = PBXNativeTarget;
			buildConfigurationList = E99EF7EB27E307380084497F /* Build configuration list for PBXNativeTarget "WordleAssesment" */;
			buildPhases = (
				E99EF7C327E307320084497F /* Sources */,
				E99EF7C427E307320084497F /* Frameworks */,
				E99EF7C527E307320084497F /* Resources */,
			);
			buildRules = (
			);
			dependencies = (
			);
			name = WordleAssesment;
			productName = WordleAssesment;
			productReference = E99EF7C727E307320084497F /* WordleAssesment.app */;
			productType = "com.apple.product-type.application";
		};
		E99EF7D627E307380084497F /* WordleAssesmentTests */ = {
			isa = PBXNativeTarget;
			buildConfigurationList = E99EF7EE27E307380084497F /* Build configuration list for PBXNativeTarget "WordleAssesmentTests" */;
			buildPhases = (
				E99EF7D327E307380084497F /* Sources */,
				E99EF7D427E307380084497F /* Frameworks */,
				E99EF7D527E307380084497F /* Resources */,
			);
			buildRules = (
			);
			dependencies = (
				E99EF7D927E307380084497F /* PBXTargetDependency */,
			);
			name = WordleAssesmentTests;
			productName = WordleAssesmentTests;
			productReference = E99EF7D727E307380084497F /* WordleAssesmentTests.xctest */;
			productType = "com.apple.product-type.bundle.unit-test";
		};
		E99EF7E027E307380084497F /* WordleAssesmentUITests */ = {
			isa = PBXNativeTarget;
			buildConfigurationList = E99EF7F127E307380084497F /* Build configuration list for PBXNativeTarget "WordleAssesmentUITests" */;
			buildPhases = (
				E99EF7DD27E307380084497F /* Sources */,
				E99EF7DE27E307380084497F /* Frameworks */,
				E99EF7DF27E307380084497F /* Resources */,
			);
			buildRules = (
			);
			dependencies = (
				E99EF7E327E307380084497F /* PBXTargetDependency */,
			);
			name = WordleAssesmentUITests;
			productName = WordleAssesmentUITests;
			productReference = E99EF7E127E307380084497F /* WordleAssesmentUITests.xctest */;
			productType = "com.apple.product-type.bundle.ui-testing";
		};
/* End PBXNativeTarget section */

/* Begin PBXProject section */
		E99EF7BF27E307320084497F /* Project object */ = {
			isa = PBXProject;
			attributes = {
				BuildIndependentTargetsInParallel = 1;
				LastSwiftUpdateCheck = 1330;
				LastUpgradeCheck = 1330;
				TargetAttributes = {
					E99EF7C627E307320084497F = {
						CreatedOnToolsVersion = 13.3;
					};
					E99EF7D627E307380084497F = {
						CreatedOnToolsVersion = 13.3;
						TestTargetID = E99EF7C627E307320084497F;
					};
					E99EF7E027E307380084497F = {
						CreatedOnToolsVersion = 13.3;
						TestTargetID = E99EF7C627E307320084497F;
					};
				};
			};
			buildConfigurationList = E99EF7C227E307320084497F /* Build configuration list for PBXProject "WordleAssesment" */;
			compatibilityVersion = "Xcode 13.0";
			developmentRegion = en;
			hasScannedForEncodings = 0;
			knownRegions = (
				en,
				Base,
			);
			mainGroup = E99EF7BE27E307320084497F;
			productRefGroup = E99EF7C827E307320084497F /* Products */;
			projectDirPath = "";
			projectRoot = "";
			targets = (
				E99EF7C627E307320084497F /* WordleAssesment */,
				E99EF7D627E307380084497F /* WordleAssesmentTests */,
				E99EF7E027E307380084497F /* WordleAssesmentUITests */,
			);
		};
/* End PBXProject section */

/* Begin PBXResourcesBuildPhase section */
		E99EF7C527E307320084497F /* Resources */ = {
			isa = PBXResourcesBuildPhase;
			buildActionMask = 2147483647;
			files = (
				E99EF7D227E307370084497F /* Preview Assets.xcassets in Resources */,
				E99EF7CF27E307370084497F /* Assets.xcassets in Resources */,
			);
			runOnlyForDeploymentPostprocessing = 0;
		};
		E99EF7D527E307380084497F /* Resources */ = {
			isa = PBXResourcesBuildPhase;
			buildActionMask = 2147483647;
			files = (
			);
			runOnlyForDeploymentPostprocessing = 0;
		};
		E99EF7DF27E307380084497F /* Resources */ = {
			isa = PBXResourcesBuildPhase;
			buildActionMask = 2147483647;
			files = (
			);
			runOnlyForDeploymentPostprocessing = 0;
		};
/* End PBXResourcesBuildPhase section */

/* Begin PBXSourcesBuildPhase section */
		E99EF7C327E307320084497F /* Sources */ = {
			isa = PBXSourcesBuildPhase;
			buildActionMask = 2147483647;
			files = (
				E99EF7CD27E307320084497F /* ContentView.swift in Sources */,
				E99EF80127E311FB0084497F /* SquareBoxView.swift in Sources */,
				E99EF80527E318310084497F /* GridView.swift in Sources */,
				E99EF7F827E30CAF0084497F /* Color.swift in Sources */,
				E99EF7CB27E307320084497F /* WordleAssesmentApp.swift in Sources */,
				E99EF7F527E30B590084497F /* WordleViewModel.swift in Sources */,
				E99EF7FF27E30F640084497F /* Words.swift in Sources */,
			);
			runOnlyForDeploymentPostprocessing = 0;
		};
		E99EF7D327E307380084497F /* Sources */ = {
			isa = PBXSourcesBuildPhase;
			buildActionMask = 2147483647;
			files = (
				E99EF7DC27E307380084497F /* WordleAssesmentTests.swift in Sources */,
			);
			runOnlyForDeploymentPostprocessing = 0;
		};
		E99EF7DD27E307380084497F /* Sources */ = {
			isa = PBXSourcesBuildPhase;
			buildActionMask = 2147483647;
			files = (
				E99EF7E627E307380084497F /* WordleAssesmentUITests.swift in Sources */,
				E99EF7E827E307380084497F /* WordleAssesmentUITestsLaunchTests.swift in Sources */,
			);
			runOnlyForDeploymentPostprocessing = 0;
		};
/* End PBXSourcesBuildPhase section */

/* Begin PBXTargetDependency section */
		E99EF7D927E307380084497F /* PBXTargetDependency */ = {
			isa = PBXTargetDependency;
			target = E99EF7C627E307320084497F /* WordleAssesment */;
			targetProxy = E99EF7D827E307380084497F /* PBXContainerItemProxy */;
		};
		E99EF7E327E307380084497F /* PBXTargetDependency */ = {
			isa = PBXTargetDependency;
			target = E99EF7C627E307320084497F /* WordleAssesment */;
			targetProxy = E99EF7E227E307380084497F /* PBXContainerItemProxy */;
		};
/* End PBXTargetDependency section */

/* Begin XCBuildConfiguration section */
		E99EF7E927E307380084497F /* Debug */ = {
			isa = XCBuildConfiguration;
			buildSettings = {
				ALWAYS_SEARCH_USER_PATHS = NO;
				CLANG_ANALYZER_NONNULL = YES;
				CLANG_ANALYZER_NUMBER_OBJECT_CONVERSION = YES_AGGRESSIVE;
				CLANG_CXX_LANGUAGE_STANDARD = "gnu++17";
				CLANG_ENABLE_MODULES = YES;
				CLANG_ENABLE_OBJC_ARC = YES;
				CLANG_ENABLE_OBJC_WEAK = YES;
				CLANG_WARN_BLOCK_CAPTURE_AUTORELEASING = YES;
				CLANG_WARN_BOOL_CONVERSION = YES;
				CLANG_WARN_COMMA = YES;
				CLANG_WARN_CONSTANT_CONVERSION = YES;
				CLANG_WARN_DEPRECATED_OBJC_IMPLEMENTATIONS = YES;
				CLANG_WARN_DIRECT_OBJC_ISA_USAGE = YES_ERROR;
				CLANG_WARN_DOCUMENTATION_COMMENTS = YES;
				CLANG_WARN_EMPTY_BODY = YES;
				CLANG_WARN_ENUM_CONVERSION = YES;
				CLANG_WARN_INFINITE_RECURSION = YES;
				CLANG_WARN_INT_CONVERSION = YES;
				CLANG_WARN_NON_LITERAL_NULL_CONVERSION = YES;
				CLANG_WARN_OBJC_IMPLICIT_RETAIN_SELF = YES;
				CLANG_WARN_OBJC_LITERAL_CONVERSION = YES;
				CLANG_WARN_OBJC_ROOT_CLASS = YES_ERROR;
				CLANG_WARN_QUOTED_INCLUDE_IN_FRAMEWORK_HEADER = YES;
				CLANG_WARN_RANGE_LOOP_ANALYSIS = YES;
				CLANG_WARN_STRICT_PROTOTYPES = YES;
				CLANG_WARN_SUSPICIOUS_MOVE = YES;
				CLANG_WARN_UNGUARDED_AVAILABILITY = YES_AGGRESSIVE;
				CLANG_WARN_UNREACHABLE_CODE = YES;
				CLANG_WARN__DUPLICATE_METHOD_MATCH = YES;
				COPY_PHASE_STRIP = NO;
				DEBUG_INFORMATION_FORMAT = dwarf;
				ENABLE_STRICT_OBJC_MSGSEND = YES;
				ENABLE_TESTABILITY = YES;
				GCC_C_LANGUAGE_STANDARD = gnu11;
				GCC_DYNAMIC_NO_PIC = NO;
				GCC_NO_COMMON_BLOCKS = YES;
				GCC_OPTIMIZATION_LEVEL = 0;
				GCC_PREPROCESSOR_DEFINITIONS = (
					"DEBUG=1",
					"$(inherited)",
				);
				GCC_WARN_64_TO_32_BIT_CONVERSION = YES;
				GCC_WARN_ABOUT_RETURN_TYPE = YES_ERROR;
				GCC_WARN_UNDECLARED_SELECTOR = YES;
				GCC_WARN_UNINITIALIZED_AUTOS = YES_AGGRESSIVE;
				GCC_WARN_UNUSED_FUNCTION = YES;
				GCC_WARN_UNUSED_VARIABLE = YES;
				IPHONEOS_DEPLOYMENT_TARGET = 15.4;
				MTL_ENABLE_DEBUG_INFO = INCLUDE_SOURCE;
				MTL_FAST_MATH = YES;
				ONLY_ACTIVE_ARCH = YES;
				SDKROOT = iphoneos;
				SWIFT_ACTIVE_COMPILATION_CONDITIONS = DEBUG;
				SWIFT_OPTIMIZATION_LEVEL = "-Onone";
			};
			name = Debug;
		};
		E99EF7EA27E307380084497F /* Release */ = {
			isa = XCBuildConfiguration;
			buildSettings = {
				ALWAYS_SEARCH_USER_PATHS = NO;
				CLANG_ANALYZER_NONNULL = YES;
				CLANG_ANALYZER_NUMBER_OBJECT_CONVERSION = YES_AGGRESSIVE;
				CLANG_CXX_LANGUAGE_STANDARD = "gnu++17";
				CLANG_ENABLE_MODULES = YES;
				CLANG_ENABLE_OBJC_ARC = YES;
				CLANG_ENABLE_OBJC_WEAK = YES;
				CLANG_WARN_BLOCK_CAPTURE_AUTORELEASING = YES;
				CLANG_WARN_BOOL_CONVERSION = YES;
				CLANG_WARN_COMMA = YES;
				CLANG_WARN_CONSTANT_CONVERSION = YES;
				CLANG_WARN_DEPRECATED_OBJC_IMPLEMENTATIONS = YES;
				CLANG_WARN_DIRECT_OBJC_ISA_USAGE = YES_ERROR;
				CLANG_WARN_DOCUMENTATION_COMMENTS = YES;
				CLANG_WARN_EMPTY_BODY = YES;
				CLANG_WARN_ENUM_CONVERSION = YES;
				CLANG_WARN_INFINITE_RECURSION = YES;
				CLANG_WARN_INT_CONVERSION = YES;
				CLANG_WARN_NON_LITERAL_NULL_CONVERSION = YES;
				CLANG_WARN_OBJC_IMPLICIT_RETAIN_SELF = YES;
				CLANG_WARN_OBJC_LITERAL_CONVERSION = YES;
				CLANG_WARN_OBJC_ROOT_CLASS = YES_ERROR;
				CLANG_WARN_QUOTED_INCLUDE_IN_FRAMEWORK_HEADER = YES;
				CLANG_WARN_RANGE_LOOP_ANALYSIS = YES;
				CLANG_WARN_STRICT_PROTOTYPES = YES;
				CLANG_WARN_SUSPICIOUS_MOVE = YES;
				CLANG_WARN_UNGUARDED_AVAILABILITY = YES_AGGRESSIVE;
				CLANG_WARN_UNREACHABLE_CODE = YES;
				CLANG_WARN__DUPLICATE_METHOD_MATCH = YES;
				COPY_PHASE_STRIP = NO;
				DEBUG_INFORMATION_FORMAT = "dwarf-with-dsym";
				ENABLE_NS_ASSERTIONS = NO;
				ENABLE_STRICT_OBJC_MSGSEND = YES;
				GCC_C_LANGUAGE_STANDARD = gnu11;
				GCC_NO_COMMON_BLOCKS = YES;
				GCC_WARN_64_TO_32_BIT_CONVERSION = YES;
				GCC_WARN_ABOUT_RETURN_TYPE = YES_ERROR;
				GCC_WARN_UNDECLARED_SELECTOR = YES;
				GCC_WARN_UNINITIALIZED_AUTOS = YES_AGGRESSIVE;
				GCC_WARN_UNUSED_FUNCTION = YES;
				GCC_WARN_UNUSED_VARIABLE = YES;
				IPHONEOS_DEPLOYMENT_TARGET = 15.4;
				MTL_ENABLE_DEBUG_INFO = NO;
				MTL_FAST_MATH = YES;
				SDKROOT = iphoneos;
				SWIFT_COMPILATION_MODE = wholemodule;
				SWIFT_OPTIMIZATION_LEVEL = "-O";
				VALIDATE_PRODUCT = YES;
			};
			name = Release;
		};
		E99EF7EC27E307380084497F /* Debug */ = {
			isa = XCBuildConfiguration;
			buildSettings = {
				ASSETCATALOG_COMPILER_APPICON_NAME = AppIcon;
				ASSETCATALOG_COMPILER_GLOBAL_ACCENT_COLOR_NAME = AccentColor;
				CODE_SIGN_STYLE = Automatic;
				CURRENT_PROJECT_VERSION = 1;
				DEVELOPMENT_ASSET_PATHS = "\"WordleAssesment/Preview Content\"";
				DEVELOPMENT_TEAM = 6T5W363477;
				ENABLE_PREVIEWS = YES;
				GENERATE_INFOPLIST_FILE = YES;
				INFOPLIST_KEY_UIApplicationSceneManifest_Generation = YES;
				INFOPLIST_KEY_UIApplicationSupportsIndirectInputEvents = YES;
				INFOPLIST_KEY_UILaunchScreen_Generation = YES;
				INFOPLIST_KEY_UISupportedInterfaceOrientations_iPad = "UIInterfaceOrientationPortrait UIInterfaceOrientationPortraitUpsideDown UIInterfaceOrientationLandscapeLeft UIInterfaceOrientationLandscapeRight";
				INFOPLIST_KEY_UISupportedInterfaceOrientations_iPhone = "UIInterfaceOrientationPortrait UIInterfaceOrientationLandscapeLeft UIInterfaceOrientationLandscapeRight";
				IPHONEOS_DEPLOYMENT_TARGET = 15.0;
				LD_RUNPATH_SEARCH_PATHS = (
					"$(inherited)",
					"@executable_path/Frameworks",
				);
				MARKETING_VERSION = 1.0;
				PRODUCT_BUNDLE_IDENTIFIER = com.Neosoft.WordleAssesment;
				PRODUCT_NAME = "$(TARGET_NAME)";
				SWIFT_EMIT_LOC_STRINGS = YES;
				SWIFT_VERSION = 5.0;
				TARGETED_DEVICE_FAMILY = "1,2";
			};
			name = Debug;
		};
		E99EF7ED27E307380084497F /* Release */ = {
			isa = XCBuildConfiguration;
			buildSettings = {
				ASSETCATALOG_COMPILER_APPICON_NAME = AppIcon;
				ASSETCATALOG_COMPILER_GLOBAL_ACCENT_COLOR_NAME = AccentColor;
				CODE_SIGN_STYLE = Automatic;
				CURRENT_PROJECT_VERSION = 1;
				DEVELOPMENT_ASSET_PATHS = "\"WordleAssesment/Preview Content\"";
				DEVELOPMENT_TEAM = 6T5W363477;
				ENABLE_PREVIEWS = YES;
				GENERATE_INFOPLIST_FILE = YES;
				INFOPLIST_KEY_UIApplicationSceneManifest_Generation = YES;
				INFOPLIST_KEY_UIApplicationSupportsIndirectInputEvents = YES;
				INFOPLIST_KEY_UILaunchScreen_Generation = YES;
				INFOPLIST_KEY_UISupportedInterfaceOrientations_iPad = "UIInterfaceOrientationPortrait UIInterfaceOrientationPortraitUpsideDown UIInterfaceOrientationLandscapeLeft UIInterfaceOrientationLandscapeRight";
				INFOPLIST_KEY_UISupportedInterfaceOrientations_iPhone = "UIInterfaceOrientationPortrait UIInterfaceOrientationLandscapeLeft UIInterfaceOrientationLandscapeRight";
				IPHONEOS_DEPLOYMENT_TARGET = 15.0;
				LD_RUNPATH_SEARCH_PATHS = (
					"$(inherited)",
					"@executable_path/Frameworks",
				);
				MARKETING_VERSION = 1.0;
				PRODUCT_BUNDLE_IDENTIFIER = com.Neosoft.WordleAssesment;
				PRODUCT_NAME = "$(TARGET_NAME)";
				SWIFT_EMIT_LOC_STRINGS = YES;
				SWIFT_VERSION = 5.0;
				TARGETED_DEVICE_FAMILY = "1,2";
			};
			name = Release;
		};
		E99EF7EF27E307380084497F /* Debug */ = {
			isa = XCBuildConfiguration;
			buildSettings = {
				ALWAYS_EMBED_SWIFT_STANDARD_LIBRARIES = YES;
				BUNDLE_LOADER = "$(TEST_HOST)";
				CODE_SIGN_STYLE = Automatic;
				CURRENT_PROJECT_VERSION = 1;
				DEVELOPMENT_TEAM = 6T5W363477;
				GENERATE_INFOPLIST_FILE = YES;
				IPHONEOS_DEPLOYMENT_TARGET = 15.4;
				MARKETING_VERSION = 1.0;
				PRODUCT_BUNDLE_IDENTIFIER = com.Neosoft.WordleAssesmentTests;
				PRODUCT_NAME = "$(TARGET_NAME)";
				SWIFT_EMIT_LOC_STRINGS = NO;
				SWIFT_VERSION = 5.0;
				TARGETED_DEVICE_FAMILY = "1,2";
				TEST_HOST = "$(BUILT_PRODUCTS_DIR)/WordleAssesment.app/WordleAssesment";
			};
			name = Debug;
		};
		E99EF7F027E307380084497F /* Release */ = {
			isa = XCBuildConfiguration;
			buildSettings = {
				ALWAYS_EMBED_SWIFT_STANDARD_LIBRARIES = YES;
				BUNDLE_LOADER = "$(TEST_HOST)";
				CODE_SIGN_STYLE = Automatic;
				CURRENT_PROJECT_VERSION = 1;
				DEVELOPMENT_TEAM = 6T5W363477;
				GENERATE_INFOPLIST_FILE = YES;
				IPHONEOS_DEPLOYMENT_TARGET = 15.4;
				MARKETING_VERSION = 1.0;
				PRODUCT_BUNDLE_IDENTIFIER = com.Neosoft.WordleAssesmentTests;
				PRODUCT_NAME = "$(TARGET_NAME)";
				SWIFT_EMIT_LOC_STRINGS = NO;
				SWIFT_VERSION = 5.0;
				TARGETED_DEVICE_FAMILY = "1,2";
				TEST_HOST = "$(BUILT_PRODUCTS_DIR)/WordleAssesment.app/WordleAssesment";
			};
			name = Release;
		};
		E99EF7F227E307380084497F /* Debug */ = {
			isa = XCBuildConfiguration;
			buildSettings = {
				ALWAYS_EMBED_SWIFT_STANDARD_LIBRARIES = YES;
				CODE_SIGN_STYLE = Automatic;
				CURRENT_PROJECT_VERSION = 1;
				DEVELOPMENT_TEAM = 6T5W363477;
				GENERATE_INFOPLIST_FILE = YES;
				MARKETING_VERSION = 1.0;
				PRODUCT_BUNDLE_IDENTIFIER = com.Neosoft.WordleAssesmentUITests;
				PRODUCT_NAME = "$(TARGET_NAME)";
				SWIFT_EMIT_LOC_STRINGS = NO;
				SWIFT_VERSION = 5.0;
				TARGETED_DEVICE_FAMILY = "1,2";
				TEST_TARGET_NAME = WordleAssesment;
			};
			name = Debug;
		};
		E99EF7F327E307380084497F /* Release */ = {
			isa = XCBuildConfiguration;
			buildSettings = {
				ALWAYS_EMBED_SWIFT_STANDARD_LIBRARIES = YES;
				CODE_SIGN_STYLE = Automatic;
				CURRENT_PROJECT_VERSION = 1;
				DEVELOPMENT_TEAM = 6T5W363477;
				GENERATE_INFOPLIST_FILE = YES;
				MARKETING_VERSION = 1.0;
				PRODUCT_BUNDLE_IDENTIFIER = com.Neosoft.WordleAssesmentUITests;
				PRODUCT_NAME = "$(TARGET_NAME)";
				SWIFT_EMIT_LOC_STRINGS = NO;
				SWIFT_VERSION = 5.0;
				TARGETED_DEVICE_FAMILY = "1,2";
				TEST_TARGET_NAME = WordleAssesment;
			};
			name = Release;
		};
/* End XCBuildConfiguration section */

/* Begin XCConfigurationList section */
		E99EF7C227E307320084497F /* Build configuration list for PBXProject "WordleAssesment" */ = {
			isa = XCConfigurationList;
			buildConfigurations = (
				E99EF7E927E307380084497F /* Debug */,
				E99EF7EA27E307380084497F /* Release */,
			);
			defaultConfigurationIsVisible = 0;
			defaultConfigurationName = Release;
		};
		E99EF7EB27E307380084497F /* Build configuration list for PBXNativeTarget "WordleAssesment" */ = {
			isa = XCConfigurationList;
			buildConfigurations = (
				E99EF7EC27E307380084497F /* Debug */,
				E99EF7ED27E307380084497F /* Release */,
			);
			defaultConfigurationIsVisible = 0;
			defaultConfigurationName = Release;
		};
		E99EF7EE27E307380084497F /* Build configuration list for PBXNativeTarget "WordleAssesmentTests" */ = {
			isa = XCConfigurationList;
			buildConfigurations = (
				E99EF7EF27E307380084497F /* Debug */,
				E99EF7F027E307380084497F /* Release */,
			);
			defaultConfigurationIsVisible = 0;
			defaultConfigurationName = Release;
		};
		E99EF7F127E307380084497F /* Build configuration list for PBXNativeTarget "WordleAssesmentUITests" */ = {
			isa = XCConfigurationList;
			buildConfigurations = (
				E99EF7F227E307380084497F /* Debug */,
				E99EF7F327E307380084497F /* Release */,
			);
			defaultConfigurationIsVisible = 0;
			defaultConfigurationName = Release;
		};
/* End XCConfigurationList section */
	};
	rootObject = E99EF7BF27E307320084497F /* Project object */;
}
